
Microsoft Visual Studio Solution File, Format Version 12.00
# Visual Studio Version 17
VisualStudioVersion = 17.3.32922.545
MinimumVisualStudioVersion = 10.0.40219.1
Project("{FAE04EC0-301F-11D3-BF4B-00C04F79EFBC}") = "Redream", "Redream\Redream.csproj", "{175BFA25-018A-40B8-9B6B-08148C1ADD0D}"
EndProject
Global
	GlobalSection(SolutionConfigurationPlatforms) = preSolution
		Debug|Any CPU = Debug|Any CPU
		Release|Any CPU = Release|Any CPU
	EndGlobalSection
	GlobalSection(ProjectConfigurationPlatforms) = postSolution
		{175BFA25-018A-40B8-9B6B-08148C1ADD0D}.Debug|Any CPU.ActiveCfg = Debug|Any CPU
		{175BFA25-018A-40B8-9B6B-08148C1ADD0D}.Debug|Any CPU.Build.0 = Debug|Any CPU
		{175BFA25-018A-40B8-9B6B-08148C1ADD0D}.Release|Any CPU.ActiveCfg = Release|Any CPU
		{175BFA25-018A-40B8-9B6B-08148C1ADD0D}.Release|Any CPU.Build.0 = Release|Any CPU
	EndGlobalSection
	GlobalSection(SolutionProperties) = preSolution
		HideSolutionNode = FALSE
	EndGlobalSection
	GlobalSection(ExtensibilityGlobals) = postSolution
		SolutionGuid = {192327DC-1125-4AA0-9E7C-671032FF400B}
	EndGlobalSection
EndGlobal
